
Microsoft Visual Studio Solution File, Format Version 12.00
# Visual Studio Version 17
VisualStudioVersion = 17.8.34525.116
MinimumVisualStudioVersion = 10.0.40219.1
Project("{FAE04EC0-301F-11D3-BF4B-00C04F79EFBC}") = "ConsoleApp.OutputDemo", "ConsoleApp.OutputDemo\ConsoleApp.OutputDemo.csproj", "{4C1BEEA6-4C09-49DE-897E-356BDA843674}"
EndProject
Project("{FAE04EC0-301F-11D3-BF4B-00C04F79EFBC}") = "ConsoleApp.VariablesDemo", "ConsoleApp.VariablesDemo\ConsoleApp.VariablesDemo.csproj", "{2CC6B486-FBFF-458F-AECF-0D73D6AA128E}"
EndProject
Project("{FAE04EC0-301F-11D3-BF4B-00C04F79EFBC}") = "ConsoleApp.UserInput", "ConsoleApp.UserInput\ConsoleApp.UserInput.csproj", "{3FD5B404-1012-42BF-80DA-FA4479E60003}"
EndProject
Global
	GlobalSection(SolutionConfigurationPlatforms) = preSolution
		Debug|Any CPU = Debug|Any CPU
		Release|Any CPU = Release|Any CPU
	EndGlobalSection
	GlobalSection(ProjectConfigurationPlatforms) = postSolution
		{4C1BEEA6-4C09-49DE-897E-356BDA843674}.Debug|Any CPU.ActiveCfg = Debug|Any CPU
		{4C1BEEA6-4C09-49DE-897E-356BDA843674}.Debug|Any CPU.Build.0 = Debug|Any CPU
		{4C1BEEA6-4C09-49DE-897E-356BDA843674}.Release|Any CPU.ActiveCfg = Release|Any CPU
		{4C1BEEA6-4C09-49DE-897E-356BDA843674}.Release|Any CPU.Build.0 = Release|Any CPU
		{2CC6B486-FBFF-458F-AECF-0D73D6AA128E}.Debug|Any CPU.ActiveCfg = Debug|Any CPU
		{2CC6B486-FBFF-458F-AECF-0D73D6AA128E}.Debug|Any CPU.Build.0 = Debug|Any CPU
		{2CC6B486-FBFF-458F-AECF-0D73D6AA128E}.Release|Any CPU.ActiveCfg = Release|Any CPU
		{2CC6B486-FBFF-458F-AECF-0D73D6AA128E}.Release|Any CPU.Build.0 = Release|Any CPU
		{3FD5B404-1012-42BF-80DA-FA4479E60003}.Debug|Any CPU.ActiveCfg = Debug|Any CPU
		{3FD5B404-1012-42BF-80DA-FA4479E60003}.Debug|Any CPU.Build.0 = Debug|Any CPU
		{3FD5B404-1012-42BF-80DA-FA4479E60003}.Release|Any CPU.ActiveCfg = Release|Any CPU
		{3FD5B404-1012-42BF-80DA-FA4479E60003}.Release|Any CPU.Build.0 = Release|Any CPU
	EndGlobalSection
	GlobalSection(SolutionProperties) = preSolution
		HideSolutionNode = FALSE
	EndGlobalSection
	GlobalSection(ExtensibilityGlobals) = postSolution
		SolutionGuid = {7E70AA40-1C14-4E2C-A184-B425132420F2}
	EndGlobalSection
EndGlobal
